
Microsoft Visual Studio Solution File, Format Version 12.00
# Visual Studio 2013
VisualStudioVersion = 12.0.30501.0
MinimumVisualStudioVersion = 10.0.40219.1
Project("{FAE04EC0-301F-11D3-BF4B-00C04F79EFBC}") = "StoreService", "StoreService\StoreService.csproj", "{2CF4CDD7-5832-4FDE-AE5D-3D48E73A92A0}"
EndProject
Project("{E24C65DC-7377-472B-9ABA-BC803B73C61A}") = "StoreServer", "http://localhost:43581", "{EA0F9456-BD3E-433F-B02E-A34D156863E0}"
	ProjectSection(WebsiteProperties) = preProject
		UseIISExpress = "true"
		TargetFrameworkMoniker = ".NETFramework,Version%3Dv4.5"
		ProjectReferences = "{2cf4cdd7-5832-4fde-ae5d-3d48e73a92a0}|StoreService.dll;"
		Debug.AspNetCompiler.VirtualPath = "/localhost_43581"
		Debug.AspNetCompiler.PhysicalPath = "..\..\..\Users\vascozzz\Documents\Visual Studio 2013\WebSites\StoreServer\"
		Debug.AspNetCompiler.TargetPath = "PrecompiledWeb\localhost_43581\"
		Debug.AspNetCompiler.Updateable = "true"
		Debug.AspNetCompiler.ForceOverwrite = "true"
		Debug.AspNetCompiler.FixedNames = "false"
		Debug.AspNetCompiler.Debug = "True"
		Release.AspNetCompiler.VirtualPath = "/localhost_43581"
		Release.AspNetCompiler.PhysicalPath = "..\..\..\Users\vascozzz\Documents\Visual Studio 2013\WebSites\StoreServer\"
		Release.AspNetCompiler.TargetPath = "PrecompiledWeb\localhost_43581\"
		Release.AspNetCompiler.Updateable = "true"
		Release.AspNetCompiler.ForceOverwrite = "true"
		Release.AspNetCompiler.FixedNames = "false"
		Release.AspNetCompiler.Debug = "False"
		SlnRelativePath = "..\..\..\Users\vascozzz\Documents\Visual Studio 2013\WebSites\StoreServer\"
		DefaultWebSiteLanguage = "Visual C#"
	EndProjectSection
EndProject
Global
	GlobalSection(SolutionConfigurationPlatforms) = preSolution
		Debug|Any CPU = Debug|Any CPU
		Release|Any CPU = Release|Any CPU
	EndGlobalSection
	GlobalSection(ProjectConfigurationPlatforms) = postSolution
		{2CF4CDD7-5832-4FDE-AE5D-3D48E73A92A0}.Debug|Any CPU.ActiveCfg = Debug|Any CPU
		{2CF4CDD7-5832-4FDE-AE5D-3D48E73A92A0}.Debug|Any CPU.Build.0 = Debug|Any CPU
		{2CF4CDD7-5832-4FDE-AE5D-3D48E73A92A0}.Release|Any CPU.ActiveCfg = Release|Any CPU
		{2CF4CDD7-5832-4FDE-AE5D-3D48E73A92A0}.Release|Any CPU.Build.0 = Release|Any CPU
		{EA0F9456-BD3E-433F-B02E-A34D156863E0}.Debug|Any CPU.ActiveCfg = Debug|Any CPU
		{EA0F9456-BD3E-433F-B02E-A34D156863E0}.Debug|Any CPU.Build.0 = Debug|Any CPU
		{EA0F9456-BD3E-433F-B02E-A34D156863E0}.Release|Any CPU.ActiveCfg = Debug|Any CPU
		{EA0F9456-BD3E-433F-B02E-A34D156863E0}.Release|Any CPU.Build.0 = Debug|Any CPU
	EndGlobalSection
	GlobalSection(SolutionProperties) = preSolution
		HideSolutionNode = FALSE
	EndGlobalSection
EndGlobal
