
Microsoft Visual Studio Solution File, Format Version 12.00
# Visual Studio 2013
VisualStudioVersion = 12.0.30501.0
MinimumVisualStudioVersion = 10.0.40219.1
Project("{FAE04EC0-301F-11D3-BF4B-00C04F79EFBC}") = "StoreService", "StoreService\StoreService.csproj", "{2CF4CDD7-5832-4FDE-AE5D-3D48E73A92A0}"
EndProject
Project("{FAE04EC0-301F-11D3-BF4B-00C04F79EFBC}") = "StoreApp", "StoreApp\StoreApp.csproj", "{0F1E74B6-78AF-48D9-8F95-213F3886AF26}"
	ProjectSection(ProjectDependencies) = postProject
		{628D93B7-1237-4FBA-8985-BC3518ACC916} = {628D93B7-1237-4FBA-8985-BC3518ACC916}
	EndProjectSection
EndProject
Project("{FAE04EC0-301F-11D3-BF4B-00C04F79EFBC}") = "Warehouse", "Warehouse\Warehouse.csproj", "{D502E7CE-9DA2-45DF-98B3-F24935EDA291}"
	ProjectSection(ProjectDependencies) = postProject
		{628D93B7-1237-4FBA-8985-BC3518ACC916} = {628D93B7-1237-4FBA-8985-BC3518ACC916}
	EndProjectSection
EndProject
Project("{E24C65DC-7377-472B-9ABA-BC803B73C61A}") = "StoreServer", "http://localhost:12707", "{628D93B7-1237-4FBA-8985-BC3518ACC916}"
	ProjectSection(WebsiteProperties) = preProject
		UseIISExpress = "true"
		TargetFrameworkMoniker = ".NETFramework,Version%3Dv4.5"
		Debug.AspNetCompiler.VirtualPath = "/localhost_12707"
		Debug.AspNetCompiler.PhysicalPath = "Websites\StoreServer\"
		Debug.AspNetCompiler.TargetPath = "PrecompiledWeb\localhost_12707\"
		Debug.AspNetCompiler.Updateable = "true"
		Debug.AspNetCompiler.ForceOverwrite = "true"
		Debug.AspNetCompiler.FixedNames = "false"
		Debug.AspNetCompiler.Debug = "True"
		Release.AspNetCompiler.VirtualPath = "/localhost_12707"
		Release.AspNetCompiler.PhysicalPath = "Websites\StoreServer\"
		Release.AspNetCompiler.TargetPath = "PrecompiledWeb\localhost_12707\"
		Release.AspNetCompiler.Updateable = "true"
		Release.AspNetCompiler.ForceOverwrite = "true"
		Release.AspNetCompiler.FixedNames = "false"
		Release.AspNetCompiler.Debug = "False"
		SlnRelativePath = "Websites\StoreServer\"
		DefaultWebSiteLanguage = "Visual C#"
	EndProjectSection
EndProject
Global
	GlobalSection(SolutionConfigurationPlatforms) = preSolution
		Debug|Any CPU = Debug|Any CPU
		Debug|ARM = Debug|ARM
		Debug|x64 = Debug|x64
		Debug|x86 = Debug|x86
		Release|Any CPU = Release|Any CPU
		Release|ARM = Release|ARM
		Release|x64 = Release|x64
		Release|x86 = Release|x86
	EndGlobalSection
	GlobalSection(ProjectConfigurationPlatforms) = postSolution
		{2CF4CDD7-5832-4FDE-AE5D-3D48E73A92A0}.Debug|Any CPU.ActiveCfg = Debug|Any CPU
		{2CF4CDD7-5832-4FDE-AE5D-3D48E73A92A0}.Debug|Any CPU.Build.0 = Debug|Any CPU
		{2CF4CDD7-5832-4FDE-AE5D-3D48E73A92A0}.Debug|ARM.ActiveCfg = Debug|Any CPU
		{2CF4CDD7-5832-4FDE-AE5D-3D48E73A92A0}.Debug|x64.ActiveCfg = Debug|Any CPU
		{2CF4CDD7-5832-4FDE-AE5D-3D48E73A92A0}.Debug|x86.ActiveCfg = Debug|Any CPU
		{2CF4CDD7-5832-4FDE-AE5D-3D48E73A92A0}.Release|Any CPU.ActiveCfg = Release|Any CPU
		{2CF4CDD7-5832-4FDE-AE5D-3D48E73A92A0}.Release|Any CPU.Build.0 = Release|Any CPU
		{2CF4CDD7-5832-4FDE-AE5D-3D48E73A92A0}.Release|ARM.ActiveCfg = Release|Any CPU
		{2CF4CDD7-5832-4FDE-AE5D-3D48E73A92A0}.Release|x64.ActiveCfg = Release|Any CPU
		{2CF4CDD7-5832-4FDE-AE5D-3D48E73A92A0}.Release|x86.ActiveCfg = Release|Any CPU
		{0F1E74B6-78AF-48D9-8F95-213F3886AF26}.Debug|Any CPU.ActiveCfg = Debug|Any CPU
		{0F1E74B6-78AF-48D9-8F95-213F3886AF26}.Debug|Any CPU.Build.0 = Debug|Any CPU
		{0F1E74B6-78AF-48D9-8F95-213F3886AF26}.Debug|ARM.ActiveCfg = Debug|Any CPU
		{0F1E74B6-78AF-48D9-8F95-213F3886AF26}.Debug|x64.ActiveCfg = Debug|Any CPU
		{0F1E74B6-78AF-48D9-8F95-213F3886AF26}.Debug|x86.ActiveCfg = Debug|Any CPU
		{0F1E74B6-78AF-48D9-8F95-213F3886AF26}.Release|Any CPU.ActiveCfg = Release|Any CPU
		{0F1E74B6-78AF-48D9-8F95-213F3886AF26}.Release|Any CPU.Build.0 = Release|Any CPU
		{0F1E74B6-78AF-48D9-8F95-213F3886AF26}.Release|ARM.ActiveCfg = Release|Any CPU
		{0F1E74B6-78AF-48D9-8F95-213F3886AF26}.Release|x64.ActiveCfg = Release|Any CPU
		{0F1E74B6-78AF-48D9-8F95-213F3886AF26}.Release|x86.ActiveCfg = Release|Any CPU
		{D502E7CE-9DA2-45DF-98B3-F24935EDA291}.Debug|Any CPU.ActiveCfg = Debug|Any CPU
		{D502E7CE-9DA2-45DF-98B3-F24935EDA291}.Debug|Any CPU.Build.0 = Debug|Any CPU
		{D502E7CE-9DA2-45DF-98B3-F24935EDA291}.Debug|ARM.ActiveCfg = Debug|Any CPU
		{D502E7CE-9DA2-45DF-98B3-F24935EDA291}.Debug|x64.ActiveCfg = Debug|Any CPU
		{D502E7CE-9DA2-45DF-98B3-F24935EDA291}.Debug|x86.ActiveCfg = Debug|Any CPU
		{D502E7CE-9DA2-45DF-98B3-F24935EDA291}.Release|Any CPU.ActiveCfg = Release|Any CPU
		{D502E7CE-9DA2-45DF-98B3-F24935EDA291}.Release|Any CPU.Build.0 = Release|Any CPU
		{D502E7CE-9DA2-45DF-98B3-F24935EDA291}.Release|ARM.ActiveCfg = Release|Any CPU
		{D502E7CE-9DA2-45DF-98B3-F24935EDA291}.Release|x64.ActiveCfg = Release|Any CPU
		{D502E7CE-9DA2-45DF-98B3-F24935EDA291}.Release|x86.ActiveCfg = Release|Any CPU
		{628D93B7-1237-4FBA-8985-BC3518ACC916}.Debug|Any CPU.ActiveCfg = Debug|Any CPU
		{628D93B7-1237-4FBA-8985-BC3518ACC916}.Debug|Any CPU.Build.0 = Debug|Any CPU
		{628D93B7-1237-4FBA-8985-BC3518ACC916}.Debug|ARM.ActiveCfg = Debug|Any CPU
		{628D93B7-1237-4FBA-8985-BC3518ACC916}.Debug|x64.ActiveCfg = Debug|Any CPU
		{628D93B7-1237-4FBA-8985-BC3518ACC916}.Debug|x86.ActiveCfg = Debug|Any CPU
		{628D93B7-1237-4FBA-8985-BC3518ACC916}.Release|Any CPU.ActiveCfg = Debug|Any CPU
		{628D93B7-1237-4FBA-8985-BC3518ACC916}.Release|Any CPU.Build.0 = Debug|Any CPU
		{628D93B7-1237-4FBA-8985-BC3518ACC916}.Release|ARM.ActiveCfg = Debug|Any CPU
		{628D93B7-1237-4FBA-8985-BC3518ACC916}.Release|x64.ActiveCfg = Debug|Any CPU
		{628D93B7-1237-4FBA-8985-BC3518ACC916}.Release|x86.ActiveCfg = Debug|Any CPU
	EndGlobalSection
	GlobalSection(SolutionProperties) = preSolution
		HideSolutionNode = FALSE
	EndGlobalSection
EndGlobal
